// !$*UTF8*$!
{
	archiveVersion = 1;
	classes = {
	};
	objectVersion = 56;
	objects = {

/* Begin PBXBuildFile section */
		A23B368BACC64D108C0DBF6D /* RavenMobileGrabSampleApp.swift in Sources */ = {isa = PBXBuildFile; fileRef = 6E645877CA5948E68FCB3BCE /* RavenMobileGrabSampleApp.swift */; };
		6BDA55EDFE984CDABA1E3A2E /* ContentView.swift in Sources */ = {isa = PBXBuildFile; fileRef = 5A188AE012D2403D8FE40442 /* ContentView.swift */; };
/* End PBXBuildFile section */

/* Begin PBXFileReference section */
		33E67606BA6D4AF1AF4A188F /* RavenMobileGrabSample.app */ = {isa = PBXFileReference; explicitFileType = wrapper.application; includeInIndex = 0; path = RavenMobileGrabSample.app; sourceTree = BUILT_PRODUCTS_DIR; };
		6E645877CA5948E68FCB3BCE /* RavenMobileGrabSampleApp.swift */ = {isa = PBXFileReference; lastKnownFileType = sourcecode.swift; path = RavenMobileGrabSampleApp.swift; sourceTree = "<group>"; };
		5A188AE012D2403D8FE40442 /* ContentView.swift */ = {isa = PBXFileReference; lastKnownFileType = sourcecode.swift; path = ContentView.swift; sourceTree = "<group>"; };
/* End PBXFileReference section */

/* Begin PBXFrameworksBuildPhase section */
		137B1398255A40678AB24EC7 /* Frameworks */ = {
			isa = PBXFrameworksBuildPhase;
			buildActionMask = 2147483647;
			files = (
			);
			runOnlyForDeploymentPostprocessing = 0;
		};
/* End PBXFrameworksBuildPhase section */

/* Begin PBXGroup section */
		8D39F7AE92C2457DBA2F8A3B = {
			isa = PBXGroup;
			children = (
				E3DCF012E9324154A679D9B8 /* RavenMobileGrabSample */,
				00C0010ADEA541F88A52F145 /* Products */,
			);
			sourceTree = "<group>";
		};
		E3DCF012E9324154A679D9B8 /* RavenMobileGrabSample */ = {
			isa = PBXGroup;
			children = (
				6E645877CA5948E68FCB3BCE /* RavenMobileGrabSampleApp.swift */,
				5A188AE012D2403D8FE40442 /* ContentView.swift */,
			);
			path = RavenMobileGrabSample;
			sourceTree = "<group>";
		};
		00C0010ADEA541F88A52F145 /* Products */ = {
			isa = PBXGroup;
			children = (
				33E67606BA6D4AF1AF4A188F /* RavenMobileGrabSample.app */,
			);
			name = Products;
			sourceTree = "<group>";
		};
/* End PBXGroup section */

/* Begin PBXNativeTarget section */
		08FBCAB0B7BB4B9092A092A0 /* RavenMobileGrabSample */ = {
			isa = PBXNativeTarget;
			buildConfigurationList = 7BD915C105154EBDB2A47888 /* Build configuration list for PBXNativeTarget "RavenMobileGrabSample" */;
			buildPhases = (
				4A58F721200A47C1AA05BDA0 /* Sources */,
				137B1398255A40678AB24EC7 /* Frameworks */,
				B8063CFD25E647598D79C827 /* Resources */,
			);
			buildRules = (
			);
			dependencies = (
			);
			name = RavenMobileGrabSample;
			productName = RavenMobileGrabSample;
			productReference = 33E67606BA6D4AF1AF4A188F /* RavenMobileGrabSample.app */;
			productType = "com.apple.product-type.application";
		};
/* End PBXNativeTarget section */

/* Begin PBXProject section */
		34C1A805BD7F4E55B4A3C842 /* Project object */ = {
			isa = PBXProject;
			attributes = {
				BuildIndependentTargetsInParallel = 1;
				LastSwiftUpdateCheck = 1500;
				LastUpgradeCheck = 1500;
			};
			buildConfigurationList = DE74C924B74543A09F745C5B /* Build configuration list for PBXProject "RavenMobileGrabSample" */;
			compatibilityVersion = "Xcode 14.0";
			developmentRegion = en;
			hasScannedForEncodings = 0;
			knownRegions = (
				en,
				Base,
			);
			mainGroup = 8D39F7AE92C2457DBA2F8A3B;
			productRefGroup = 00C0010ADEA541F88A52F145 /* Products */;
			projectDirPath = "";
			projectRoot = "";
			targets = (
				08FBCAB0B7BB4B9092A092A0 /* RavenMobileGrabSample */,
			);
		};
/* End PBXProject section */

/* Begin PBXResourcesBuildPhase section */
		B8063CFD25E647598D79C827 /* Resources */ = {
			isa = PBXResourcesBuildPhase;
			buildActionMask = 2147483647;
			files = (
			);
			runOnlyForDeploymentPostprocessing = 0;
		};
/* End PBXResourcesBuildPhase section */

/* Begin PBXSourcesBuildPhase section */
		4A58F721200A47C1AA05BDA0 /* Sources */ = {
			isa = PBXSourcesBuildPhase;
			buildActionMask = 2147483647;
			files = (
				A23B368BACC64D108C0DBF6D /* RavenMobileGrabSampleApp.swift in Sources */,
				6BDA55EDFE984CDABA1E3A2E /* ContentView.swift in Sources */,
			);
			runOnlyForDeploymentPostprocessing = 0;
		};
/* End PBXSourcesBuildPhase section */

/* Begin XCBuildConfiguration section */
		F6C1A115C83C46BBB62AADE2 /* Debug */ = {
			isa = XCBuildConfiguration;
			buildSettings = {
				ALWAYS_SEARCH_USER_PATHS = NO;
				CLANG_ENABLE_MODULES = YES;
				COPY_PHASE_STRIP = NO;
				DEBUG_INFORMATION_FORMAT = dwarf;
				ENABLE_TESTABILITY = YES;
				GCC_DYNAMIC_NO_PIC = NO;
				IPHONEOS_DEPLOYMENT_TARGET = 17.0;
				ONLY_ACTIVE_ARCH = YES;
				SDKROOT = iphoneos;
				SWIFT_ACTIVE_COMPILATION_CONDITIONS = DEBUG;
				SWIFT_OPTIMIZATION_LEVEL = "-Onone";
			};
			name = Debug;
		};
		D841C5101F36459F8AD00C99 /* Release */ = {
			isa = XCBuildConfiguration;
			buildSettings = {
				ALWAYS_SEARCH_USER_PATHS = NO;
				CLANG_ENABLE_MODULES = YES;
				COPY_PHASE_STRIP = NO;
				DEBUG_INFORMATION_FORMAT = "dwarf-with-dsym";
				IPHONEOS_DEPLOYMENT_TARGET = 17.0;
				SDKROOT = iphoneos;
				SWIFT_COMPILATION_MODE = wholemodule;
				VALIDATE_PRODUCT = YES;
			};
			name = Release;
		};
		5D1B165F17FD4F18814A5BA9 /* Debug */ = {
			isa = XCBuildConfiguration;
			buildSettings = {
				CODE_SIGNING_ALLOWED = NO;
				CODE_SIGNING_REQUIRED = NO;
				CODE_SIGN_IDENTITY = "";
				CURRENT_PROJECT_VERSION = 1;
				ENABLE_PREVIEWS = YES;
				GENERATE_INFOPLIST_FILE = YES;
				INFOPLIST_KEY_CFBundleDisplayName = "Raven Mobile Grab";
				INFOPLIST_KEY_UIApplicationSceneManifest_Generation = YES;
				INFOPLIST_KEY_UILaunchScreen_Generation = YES;
				INFOPLIST_KEY_UISupportedInterfaceOrientations = UIInterfaceOrientationPortrait;
				LD_RUNPATH_SEARCH_PATHS = (
					"$(inherited)",
					"@executable_path/Frameworks",
				);
				MARKETING_VERSION = 0.1.0;
				PRODUCT_BUNDLE_IDENTIFIER = ai.ravenmcp.MobileGrabSample;
				PRODUCT_NAME = "$(TARGET_NAME)";
				SUPPORTED_PLATFORMS = "iphoneos iphonesimulator";
				SUPPORTS_MACCATALYST = NO;
				SWIFT_EMIT_LOC_STRINGS = YES;
				SWIFT_VERSION = 5.0;
				TARGETED_DEVICE_FAMILY = 1;
			};
			name = Debug;
		};
		AB27DB80EB164F69B191D9A8 /* Release */ = {
			isa = XCBuildConfiguration;
			buildSettings = {
				CODE_SIGNING_ALLOWED = NO;
				CODE_SIGNING_REQUIRED = NO;
				CODE_SIGN_IDENTITY = "";
				CURRENT_PROJECT_VERSION = 1;
				ENABLE_PREVIEWS = YES;
				GENERATE_INFOPLIST_FILE = YES;
				INFOPLIST_KEY_CFBundleDisplayName = "Raven Mobile Grab";
				INFOPLIST_KEY_UIApplicationSceneManifest_Generation = YES;
				INFOPLIST_KEY_UILaunchScreen_Generation = YES;
				INFOPLIST_KEY_UISupportedInterfaceOrientations = UIInterfaceOrientationPortrait;
				LD_RUNPATH_SEARCH_PATHS = (
					"$(inherited)",
					"@executable_path/Frameworks",
				);
				MARKETING_VERSION = 0.1.0;
				PRODUCT_BUNDLE_IDENTIFIER = ai.ravenmcp.MobileGrabSample;
				PRODUCT_NAME = "$(TARGET_NAME)";
				SUPPORTED_PLATFORMS = "iphoneos iphonesimulator";
				SUPPORTS_MACCATALYST = NO;
				SWIFT_EMIT_LOC_STRINGS = YES;
				SWIFT_VERSION = 5.0;
				TARGETED_DEVICE_FAMILY = 1;
			};
			name = Release;
		};
/* End XCBuildConfiguration section */

/* Begin XCConfigurationList section */
		DE74C924B74543A09F745C5B /* Build configuration list for PBXProject "RavenMobileGrabSample" */ = {
			isa = XCConfigurationList;
			buildConfigurations = (
				F6C1A115C83C46BBB62AADE2 /* Debug */,
				D841C5101F36459F8AD00C99 /* Release */,
			);
			defaultConfigurationIsVisible = 0;
			defaultConfigurationName = Release;
		};
		7BD915C105154EBDB2A47888 /* Build configuration list for PBXNativeTarget "RavenMobileGrabSample" */ = {
			isa = XCConfigurationList;
			buildConfigurations = (
				5D1B165F17FD4F18814A5BA9 /* Debug */,
				AB27DB80EB164F69B191D9A8 /* Release */,
			);
			defaultConfigurationIsVisible = 0;
			defaultConfigurationName = Release;
		};
/* End XCConfigurationList section */
	};
	rootObject = 34C1A805BD7F4E55B4A3C842 /* Project object */;
}
